
Microsoft Visual Studio Solution File, Format Version 12.00
# Visual Studio 15
VisualStudioVersion = 15.0.27703.2047
MinimumVisualStudioVersion = 10.0.40219.1
Project("{FAE04EC0-301F-11D3-BF4B-00C04F79EFBC}") = "OrquestaMúsico", "OrquestaMúsico\OrquestaMúsico.csproj", "{86589ED7-21E7-402C-803C-4EC45AF43C06}"
EndProject
Project("{FAE04EC0-301F-11D3-BF4B-00C04F79EFBC}") = "Orquestas", "Orquestas\Orquestas.csproj", "{8C73030B-E6CD-4611-A5CF-65AA5D4FF451}"
EndProject
Global
	GlobalSection(SolutionConfigurationPlatforms) = preSolution
		Debug|Any CPU = Debug|Any CPU
		Release|Any CPU = Release|Any CPU
	EndGlobalSection
	GlobalSection(ProjectConfigurationPlatforms) = postSolution
		{86589ED7-21E7-402C-803C-4EC45AF43C06}.Debug|Any CPU.ActiveCfg = Debug|Any CPU
		{86589ED7-21E7-402C-803C-4EC45AF43C06}.Debug|Any CPU.Build.0 = Debug|Any CPU
		{86589ED7-21E7-402C-803C-4EC45AF43C06}.Release|Any CPU.ActiveCfg = Release|Any CPU
		{86589ED7-21E7-402C-803C-4EC45AF43C06}.Release|Any CPU.Build.0 = Release|Any CPU
		{8C73030B-E6CD-4611-A5CF-65AA5D4FF451}.Debug|Any CPU.ActiveCfg = Debug|Any CPU
		{8C73030B-E6CD-4611-A5CF-65AA5D4FF451}.Debug|Any CPU.Build.0 = Debug|Any CPU
		{8C73030B-E6CD-4611-A5CF-65AA5D4FF451}.Release|Any CPU.ActiveCfg = Release|Any CPU
		{8C73030B-E6CD-4611-A5CF-65AA5D4FF451}.Release|Any CPU.Build.0 = Release|Any CPU
	EndGlobalSection
	GlobalSection(SolutionProperties) = preSolution
		HideSolutionNode = FALSE
	EndGlobalSection
	GlobalSection(ExtensibilityGlobals) = postSolution
		SolutionGuid = {EB9FB6A0-3FF7-4025-90CB-2E5C3BA508A0}
	EndGlobalSection
EndGlobal
